
Microsoft Visual Studio Solution File, Format Version 12.00
# Visual Studio Version 17
VisualStudioVersion = 17.5.002.0
MinimumVisualStudioVersion = 10.0.40219.1
Project("{9A19103F-16F7-4668-BE54-9A1E7A4F7556}") = "psang", "psang.csproj", "{5DBFF351-428B-4CD2-97CF-07128C988E2D}"
EndProject
Global
	GlobalSection(SolutionConfigurationPlatforms) = preSolution
		Debug|Any CPU = Debug|Any CPU
		Release|Any CPU = Release|Any CPU
	EndGlobalSection
	GlobalSection(ProjectConfigurationPlatforms) = postSolution
		{5DBFF351-428B-4CD2-97CF-07128C988E2D}.Debug|Any CPU.ActiveCfg = Debug|Any CPU
		{5DBFF351-428B-4CD2-97CF-07128C988E2D}.Debug|Any CPU.Build.0 = Debug|Any CPU
		{5DBFF351-428B-4CD2-97CF-07128C988E2D}.Release|Any CPU.ActiveCfg = Release|Any CPU
		{5DBFF351-428B-4CD2-97CF-07128C988E2D}.Release|Any CPU.Build.0 = Release|Any CPU
	EndGlobalSection
	GlobalSection(SolutionProperties) = preSolution
		HideSolutionNode = FALSE
	EndGlobalSection
	GlobalSection(ExtensibilityGlobals) = postSolution
		SolutionGuid = {3599875D-BFB4-4C41-9650-09A11BB86566}
	EndGlobalSection
EndGlobal
